
Microsoft Visual Studio Solution File, Format Version 12.00
# Visual Studio Version 16
VisualStudioVersion = 16.0.29806.167
MinimumVisualStudioVersion = 10.0.40219.1
Project("{FAE04EC0-301F-11D3-BF4B-00C04F79EFBC}") = "Program12", "Program12.csproj", "{9C03A701-2ADA-496F-8379-C941355BDF43}"
EndProject
Global
	GlobalSection(SolutionConfigurationPlatforms) = preSolution
		Debug|Any CPU = Debug|Any CPU
		Release|Any CPU = Release|Any CPU
	EndGlobalSection
	GlobalSection(ProjectConfigurationPlatforms) = postSolution
		{9C03A701-2ADA-496F-8379-C941355BDF43}.Debug|Any CPU.ActiveCfg = Debug|Any CPU
		{9C03A701-2ADA-496F-8379-C941355BDF43}.Debug|Any CPU.Build.0 = Debug|Any CPU
		{9C03A701-2ADA-496F-8379-C941355BDF43}.Release|Any CPU.ActiveCfg = Release|Any CPU
		{9C03A701-2ADA-496F-8379-C941355BDF43}.Release|Any CPU.Build.0 = Release|Any CPU
	EndGlobalSection
	GlobalSection(SolutionProperties) = preSolution
		HideSolutionNode = FALSE
	EndGlobalSection
	GlobalSection(ExtensibilityGlobals) = postSolution
		SolutionGuid = {7CDE35FD-41CC-4CB5-8B1A-9A301D588962}
	EndGlobalSection
EndGlobal
