
Microsoft Visual Studio Solution File, Format Version 12.00
# Visual Studio Version 16
VisualStudioVersion = 16.0.29806.167
MinimumVisualStudioVersion = 10.0.40219.1
Project("{FAE04EC0-301F-11D3-BF4B-00C04F79EFBC}") = "9_Generics", "9_Generics.csproj", "{9E59B3EA-9A76-4818-A0EB-84C2D7CF5317}"
EndProject
Global
	GlobalSection(SolutionConfigurationPlatforms) = preSolution
		Debug|Any CPU = Debug|Any CPU
		Release|Any CPU = Release|Any CPU
	EndGlobalSection
	GlobalSection(ProjectConfigurationPlatforms) = postSolution
		{9E59B3EA-9A76-4818-A0EB-84C2D7CF5317}.Debug|Any CPU.ActiveCfg = Debug|Any CPU
		{9E59B3EA-9A76-4818-A0EB-84C2D7CF5317}.Debug|Any CPU.Build.0 = Debug|Any CPU
		{9E59B3EA-9A76-4818-A0EB-84C2D7CF5317}.Release|Any CPU.ActiveCfg = Release|Any CPU
		{9E59B3EA-9A76-4818-A0EB-84C2D7CF5317}.Release|Any CPU.Build.0 = Release|Any CPU
	EndGlobalSection
	GlobalSection(SolutionProperties) = preSolution
		HideSolutionNode = FALSE
	EndGlobalSection
	GlobalSection(ExtensibilityGlobals) = postSolution
		SolutionGuid = {CD6C8D56-8491-4623-9218-E7D1F4EF2894}
	EndGlobalSection
EndGlobal
